# This file is automatically @generated by Poetry 1.8.2 and should not be changed by hand.

[[package]]
name = "argparse"
version = "1.4.0"
description = "Python command-line parsing library"
optional = false
python-versions = "*"
files = [
    {file = "argparse-1.4.0-py2.py3-none-any.whl", hash = "sha256:c31647edb69fd3d465a847ea3157d37bed1f95f19760b11a47aa91c04b666314"},
    {file = "argparse-1.4.0.tar.gz", hash = "sha256:62b089a55be1d8949cd2bc7e0df0bddb9e028faefc8c32038cc84862aefdd6e4"},
]

[[package]]
name = "bumpver"
version = "2023.1129"
description = "Bump version numbers in project files."
optional = false
python-versions = ">=2.7"
files = [
    {file = "bumpver-2023.1129-py2.py3-none-any.whl", hash = "sha256:b2a55c0224215b6ca1c3a0c99827749927b7c61cbb5dfef75565dbda8e75f687"},
    {file = "bumpver-2023.1129.tar.gz", hash = "sha256:2a09813066d92ae2eabf882d4f9a88ebd60135e828c424bdf7800e1723e15010"},
]

[package.dependencies]
click = {version = "*", markers = "python_version >= \"3.6\""}
colorama = ">=0.4"
lexid = "*"
looseversion = {version = "*", markers = "python_version >= \"3.5\""}
toml = "*"

[[package]]
name = "click"
version = "8.1.7"
description = "Composable command line interface toolkit"
optional = false
python-versions = ">=3.7"
files = [
    {file = "click-8.1.7-py3-none-any.whl", hash = "sha256:ae74fb96c20a0277a1d615f1e4d73c8414f5a98db8b799a7931d1582f3390c28"},
    {file = "click-8.1.7.tar.gz", hash = "sha256:ca9853ad459e787e2192211578cc907e7594e294c7ccc834310722b41b9ca6de"},
]

[package.dependencies]
colorama = {version = "*", markers = "platform_system == \"Windows\""}

[[package]]
name = "colorama"
version = "0.4.6"
description = "Cross-platform colored terminal text."
optional = false
python-versions = "!=3.0.*,!=3.1.*,!=3.2.*,!=3.3.*,!=3.4.*,!=3.5.*,!=3.6.*,>=2.7"
files = [
    {file = "colorama-0.4.6-py2.py3-none-any.whl", hash = "sha256:4f1d9991f5acc0ca119f9d443620b77f9d6b33703e51011c16baf57afb285fc6"},
    {file = "colorama-0.4.6.tar.gz", hash = "sha256:08695f5cb7ed6e0531a20572697297273c47b8cae5a63ffc6d6ed5c201be6e44"},
]

[[package]]
name = "deepdiff"
version = "6.7.1"
description = "Deep Difference and Search of any Python object/data. Recreate objects by adding adding deltas to each other."
optional = false
python-versions = ">=3.7"
files = [
    {file = "deepdiff-6.7.1-py3-none-any.whl", hash = "sha256:58396bb7a863cbb4ed5193f548c56f18218060362311aa1dc36397b2f25108bd"},
    {file = "deepdiff-6.7.1.tar.gz", hash = "sha256:b367e6fa6caac1c9f500adc79ada1b5b1242c50d5f716a1a4362030197847d30"},
]

[package.dependencies]
ordered-set = ">=4.0.2,<4.2.0"

[package.extras]
cli = ["click (==8.1.3)", "pyyaml (==6.0.1)"]
optimize = ["orjson"]

[[package]]
name = "iniconfig"
version = "2.0.0"
description = "brain-dead simple config-ini parsing"
optional = false
python-versions = ">=3.7"
files = [
    {file = "iniconfig-2.0.0-py3-none-any.whl", hash = "sha256:b6a85871a79d2e3b22d2d1b94ac2824226a63c6b741c88f7ae975f18b6778374"},
    {file = "iniconfig-2.0.0.tar.gz", hash = "sha256:2d91e135bf72d31a410b17c16da610a82cb55f6b0477d1a902134b24a455b8b3"},
]

[[package]]
name = "lexid"
version = "2021.1006"
description = "Variable width build numbers with lexical ordering."
optional = false
python-versions = ">=2.7"
files = [
    {file = "lexid-2021.1006-py2.py3-none-any.whl", hash = "sha256:5526bb5606fd74c7add23320da5f02805bddd7c77916f2dc1943e6bada8605ed"},
    {file = "lexid-2021.1006.tar.gz", hash = "sha256:509a3a4cc926d3dbf22b203b18a4c66c25e6473fb7c0e0d30374533ac28bafe5"},
]

[[package]]
name = "looseversion"
version = "1.3.0"
description = "Version numbering for anarchists and software realists"
optional = false
python-versions = "*"
files = [
    {file = "looseversion-1.3.0-py2.py3-none-any.whl", hash = "sha256:781ef477b45946fc03dd4c84ea87734b21137ecda0e1e122bcb3c8d16d2a56e0"},
    {file = "looseversion-1.3.0.tar.gz", hash = "sha256:ebde65f3f6bb9531a81016c6fef3eb95a61181adc47b7f949e9c0ea47911669e"},
]

[[package]]
name = "ordered-set"
version = "4.1.0"
description = "An OrderedSet is a custom MutableSet that remembers its order, so that every"
optional = false
python-versions = ">=3.7"
files = [
    {file = "ordered-set-4.1.0.tar.gz", hash = "sha256:694a8e44c87657c59292ede72891eb91d34131f6531463aab3009191c77364a8"},
    {file = "ordered_set-4.1.0-py3-none-any.whl", hash = "sha256:046e1132c71fcf3330438a539928932caf51ddbc582496833e23de611de14562"},
]

[package.extras]
dev = ["black", "mypy", "pytest"]

[[package]]
name = "packaging"
version = "24.0"
description = "Core utilities for Python packages"
optional = false
python-versions = ">=3.7"
files = [
    {file = "packaging-24.0-py3-none-any.whl", hash = "sha256:2ddfb553fdf02fb784c234c7ba6ccc288296ceabec964ad2eae3777778130bc5"},
    {file = "packaging-24.0.tar.gz", hash = "sha256:eb82c5e3e56209074766e6885bb04b8c38a0c015d0a30036ebe7ece34c9989e9"},
]

[[package]]
name = "pluggy"
version = "1.4.0"
description = "plugin and hook calling mechanisms for python"
optional = false
python-versions = ">=3.8"
files = [
    {file = "pluggy-1.4.0-py3-none-any.whl", hash = "sha256:7db9f7b503d67d1c5b95f59773ebb58a8c1c288129a88665838012cfb07b8981"},
    {file = "pluggy-1.4.0.tar.gz", hash = "sha256:8c85c2876142a764e5b7548e7d9a0e0ddb46f5185161049a79b7e974454223be"},
]

[package.extras]
dev = ["pre-commit", "tox"]
testing = ["pytest", "pytest-benchmark"]

[[package]]
name = "pytest"
version = "7.4.4"
description = "pytest: simple powerful testing with Python"
optional = false
python-versions = ">=3.7"
files = [
    {file = "pytest-7.4.4-py3-none-any.whl", hash = "sha256:b090cdf5ed60bf4c45261be03239c2c1c22df034fbffe691abe93cd80cea01d8"},
    {file = "pytest-7.4.4.tar.gz", hash = "sha256:2cf0005922c6ace4a3e2ec8b4080eb0d9753fdc93107415332f50ce9e7994280"},
]

[package.dependencies]
colorama = {version = "*", markers = "sys_platform == \"win32\""}
iniconfig = "*"
packaging = "*"
pluggy = ">=0.12,<2.0"

[package.extras]
testing = ["argcomplete", "attrs (>=19.2.0)", "hypothesis (>=3.56)", "mock", "nose", "pygments (>=2.7.2)", "requests", "setuptools", "xmlschema"]

[[package]]
name = "rapidfuzz"
version = "3.7.0"
description = "rapid fuzzy string matching"
optional = false
python-versions = ">=3.8"
files = [
    {file = "rapidfuzz-3.7.0-cp310-cp310-macosx_10_9_universal2.whl", hash = "sha256:860f438238f1807532aa5c5c25e74c284232ccc115fe84697b78e25d48f364f7"},
    {file = "rapidfuzz-3.7.0-cp310-cp310-macosx_10_9_x86_64.whl", hash = "sha256:4bb9285abeb0477cdb2f8ea0cf7fd4b5f72ed5a9a7d3f0c0bb4a5239db2fc1ed"},
    {file = "rapidfuzz-3.7.0-cp310-cp310-macosx_11_0_arm64.whl", hash = "sha256:08671280e0c04d2bb3f39511f13cae5914e6690036fd1eefc3d47a47f9fae634"},
    {file = "rapidfuzz-3.7.0-cp310-cp310-manylinux_2_17_aarch64.manylinux2014_aarch64.whl", hash = "sha256:04bae4d9c16ce1bab6447d196fb8258d98139ed8f9b288a38b84887985e4227b"},
    {file = "rapidfuzz-3.7.0-cp310-cp310-manylinux_2_17_i686.manylinux2014_i686.whl", hash = "sha256:1efa2268b51b68156fb84d18ca1720311698a58051c4a19c40d670057ce60519"},
    {file = "rapidfuzz-3.7.0-cp310-cp310-manylinux_2_17_ppc64le.manylinux2014_ppc64le.whl", hash = "sha256:600b4d4315f33ec0356c0dab3991a5d5761102420bcff29e0773706aa48936e8"},
    {file = "rapidfuzz-3.7.0-cp310-cp310-manylinux_2_17_s390x.manylinux2014_s390x.whl", hash = "sha256:18bc2f13c73d5d34499ff6ada55b052c445d3aa64d22c2639e5ab45472568046"},
    {file = "rapidfuzz-3.7.0-cp310-cp310-manylinux_2_17_x86_64.manylinux2014_x86_64.whl", hash = "sha256:8e11c5e6593be41a555475c9c20320342c1f5585d635a064924956944c465ad4"},
    {file = "rapidfuzz-3.7.0-cp310-cp310-musllinux_1_1_aarch64.whl", hash = "sha256:d7878025248b99ccca3285891899373f98548f2ca13835d83619ffc42241c626"},
    {file = "rapidfuzz-3.7.0-cp310-cp310-musllinux_1_1_i686.whl", hash = "sha256:b4a7e37fe136022d944374fcd8a2f72b8a19f7b648d2cdfb946667e9ede97f9f"},
    {file = "rapidfuzz-3.7.0-cp310-cp310-musllinux_1_1_ppc64le.whl", hash = "sha256:b5881856f830351aaabd869151124f64a80bf61560546d9588a630a4e933a5de"},
    {file = "rapidfuzz-3.7.0-cp310-cp310-musllinux_1_1_s390x.whl", hash = "sha256:c788b11565cc176fab8fab6dfcd469031e906927db94bf7e422afd8ef8f88a5a"},
    {file = "rapidfuzz-3.7.0-cp310-cp310-musllinux_1_1_x86_64.whl", hash = "sha256:9e17a3092e74025d896ef1d67ac236c83494da37a78ef84c712e4e2273c115f1"},
    {file = "rapidfuzz-3.7.0-cp310-cp310-win32.whl", hash = "sha256:e499c823206c9ffd9d89aa11f813a4babdb9219417d4efe4c8a6f8272da00e98"},
    {file = "rapidfuzz-3.7.0-cp310-cp310-win_amd64.whl", hash = "sha256:91f798cc00cd94a0def43e9befc6e867c9bd8fa8f882d1eaa40042f528b7e2c7"},
    {file = "rapidfuzz-3.7.0-cp310-cp310-win_arm64.whl", hash = "sha256:d5a3872f35bec89f07b993fa1c5401d11b9e68bcdc1b9737494e279308a38a5f"},
    {file = "rapidfuzz-3.7.0-cp311-cp311-macosx_10_9_universal2.whl", hash = "sha256:ef6b6ab64c4c91c57a6b58e1d690b59453bfa1f1e9757a7e52e59b4079e36631"},
    {file = "rapidfuzz-3.7.0-cp311-cp311-macosx_10_9_x86_64.whl", hash = "sha256:2f9070b42c0ba030b045bba16a35bdb498a0d6acb0bdb3ff4e325960e685e290"},
    {file = "rapidfuzz-3.7.0-cp311-cp311-macosx_11_0_arm64.whl", hash = "sha256:63044c63565f50818d885bfcd40ac369947da4197de56b4d6c26408989d48edf"},
    {file = "rapidfuzz-3.7.0-cp311-cp311-manylinux_2_17_aarch64.manylinux2014_aarch64.whl", hash = "sha256:49b0c47860c733a3d73a4b70b97b35c8cbf24ef24f8743732f0d1c412a8c85de"},
    {file = "rapidfuzz-3.7.0-cp311-cp311-manylinux_2_17_i686.manylinux2014_i686.whl", hash = "sha256:d1b14489b038f007f425a06fcf28ac6313c02cb603b54e3a28d9cfae82198cc0"},
    {file = "rapidfuzz-3.7.0-cp311-cp311-manylinux_2_17_ppc64le.manylinux2014_ppc64le.whl", hash = "sha256:be08f39e397a618aab907887465d7fabc2d1a4d15d1a67cb8b526a7fb5202a3e"},
    {file = "rapidfuzz-3.7.0-cp311-cp311-manylinux_2_17_s390x.manylinux2014_s390x.whl", hash = "sha256:16895dc62a7b92028f9c8b6d22830f1cbc77306ee794f461afc6028e1a8d7539"},
    {file = "rapidfuzz-3.7.0-cp311-cp311-manylinux_2_17_x86_64.manylinux2014_x86_64.whl", hash = "sha256:579cce49dfa57ffd8c8227b3fb53cced54b4df70cec502e63e9799b4d1f44004"},
    {file = "rapidfuzz-3.7.0-cp311-cp311-musllinux_1_1_aarch64.whl", hash = "sha256:40998c8dc35fdd221790b8b5134a8d7499adbfab9a5dd9ec626c7e92e17a43ed"},
    {file = "rapidfuzz-3.7.0-cp311-cp311-musllinux_1_1_i686.whl", hash = "sha256:dc3fdb4738a6b83ae27f1d8923b00d3a9c2b5c50da75b9f8b81841839c6e3e1f"},
    {file = "rapidfuzz-3.7.0-cp311-cp311-musllinux_1_1_ppc64le.whl", hash = "sha256:92b8146fbfb37ac358ef7e0f6b79619e4f793fbbe894b99ea87920f9c0a9d77d"},
    {file = "rapidfuzz-3.7.0-cp311-cp311-musllinux_1_1_s390x.whl", hash = "sha256:1dfceaa7c2914585bb8a043265c39ec09078f13fbf53b5525722fc074306b6fa"},
    {file = "rapidfuzz-3.7.0-cp311-cp311-musllinux_1_1_x86_64.whl", hash = "sha256:f332d61f51b0b9c8b55a0fb052b4764b6ad599ea8ce948ac47a4388e9083c35e"},
    {file = "rapidfuzz-3.7.0-cp311-cp311-win32.whl", hash = "sha256:dfd1e4819f1f3c47141f86159b44b7360ecb19bf675080b3b40437bf97273ab9"},
    {file = "rapidfuzz-3.7.0-cp311-cp311-win_amd64.whl", hash = "sha256:594b9c33fc1a86784962043ee3fbaaed875fbaadff72e467c2f7a83cd6c5d69d"},
    {file = "rapidfuzz-3.7.0-cp311-cp311-win_arm64.whl", hash = "sha256:0b13a6823a1b83ae43f8bf35955df35032bee7bec0daf9b5ab836e0286067434"},
    {file = "rapidfuzz-3.7.0-cp312-cp312-macosx_10_9_universal2.whl", hash = "sha256:075a419a0ec29be44b3d7f4bcfa5cb7e91e419379a85fc05eb33de68315bd96f"},
    {file = "rapidfuzz-3.7.0-cp312-cp312-macosx_10_9_x86_64.whl", hash = "sha256:51a5b96d2081c3afbef1842a61d63e55d0a5a201473e6975a80190ff2d6f22ca"},
    {file = "rapidfuzz-3.7.0-cp312-cp312-macosx_11_0_arm64.whl", hash = "sha256:a9460d8fddac7ea46dff9298eee9aa950dbfe79f2eb509a9f18fbaefcd10894c"},
    {file = "rapidfuzz-3.7.0-cp312-cp312-manylinux_2_17_aarch64.manylinux2014_aarch64.whl", hash = "sha256:f39eb1513ee139ba6b5c01fe47ddf2d87e9560dd7fdee1068f7f6efbae70de34"},
    {file = "rapidfuzz-3.7.0-cp312-cp312-manylinux_2_17_i686.manylinux2014_i686.whl", hash = "sha256:eace9fdde58a425d4c9a93021b24a0cac830df167a5b2fc73299e2acf9f41493"},
    {file = "rapidfuzz-3.7.0-cp312-cp312-manylinux_2_17_ppc64le.manylinux2014_ppc64le.whl", hash = "sha256:0cc77237242303733de47829028a0a8b6ab9188b23ec9d9ff0a674fdcd3c8e7f"},
    {file = "rapidfuzz-3.7.0-cp312-cp312-manylinux_2_17_s390x.manylinux2014_s390x.whl", hash = "sha256:74e692357dd324dff691d379ef2c094c9ec526c0ce83ed43a066e4e68fe70bf6"},
    {file = "rapidfuzz-3.7.0-cp312-cp312-manylinux_2_17_x86_64.manylinux2014_x86_64.whl", hash = "sha256:5f2075ac9ee5c15d33d24a1efc8368d095602b5fd9634c5b5f24d83e41903528"},
    {file = "rapidfuzz-3.7.0-cp312-cp312-musllinux_1_1_aarch64.whl", hash = "sha256:5a8ba64d72329a940ff6c74b721268c2004eecc48558f648a38e96915b5d1c1b"},
    {file = "rapidfuzz-3.7.0-cp312-cp312-musllinux_1_1_i686.whl", hash = "sha256:a1f268a2a37cd22573b4a06eccd481c04504b246d3cadc2d8e8dfa64b575636d"},
    {file = "rapidfuzz-3.7.0-cp312-cp312-musllinux_1_1_ppc64le.whl", hash = "sha256:42c2e8a2341363c7caf276efdbe1a673fc5267a02568c47c8e980f12e9bc8727"},
    {file = "rapidfuzz-3.7.0-cp312-cp312-musllinux_1_1_s390x.whl", hash = "sha256:a9acca34b34fb895ee6a84c436bb919f3b9cd8f43e7003d43e9573a1d990ff74"},
    {file = "rapidfuzz-3.7.0-cp312-cp312-musllinux_1_1_x86_64.whl", hash = "sha256:9bad6a0fe3bc1753dacaa6229a8ba7d9844eb7ae24d44d17c5f4c51c91a8a95e"},
    {file = "rapidfuzz-3.7.0-cp312-cp312-win32.whl", hash = "sha256:c86bc4b1d2380739e6485396195e30021df509b4923f3f757914e171587bce7c"},
    {file = "rapidfuzz-3.7.0-cp312-cp312-win_amd64.whl", hash = "sha256:d7361608c8e73a1dc0203a87d151cddebdade0098a047c46da43c469c07df964"},
    {file = "rapidfuzz-3.7.0-cp312-cp312-win_arm64.whl", hash = "sha256:8fdc26e7863e0f63c2185d53bb61f5173ad4451c1c8287b535b30ea25a419a5a"},
    {file = "rapidfuzz-3.7.0-cp38-cp38-macosx_10_9_universal2.whl", hash = "sha256:9b6167468f76779a14b9af66210f68741af94d32d086f19118de4e919f00585c"},
    {file = "rapidfuzz-3.7.0-cp38-cp38-macosx_10_9_x86_64.whl", hash = "sha256:5bd394e28ff221557ea4d8152fcec3e66d9f620557feca5f2bedc4c21f8cf2f9"},
    {file = "rapidfuzz-3.7.0-cp38-cp38-macosx_11_0_arm64.whl", hash = "sha256:8e70f876ca89a6df344f8157ac60384e8c05a0dfb442da2490c3f1c45238ccf5"},
    {file = "rapidfuzz-3.7.0-cp38-cp38-manylinux_2_17_aarch64.manylinux2014_aarch64.whl", hash = "sha256:7c837f89d86a5affe9ee6574dad6b195475676a6ab171a67920fc99966f2ab2c"},
    {file = "rapidfuzz-3.7.0-cp38-cp38-manylinux_2_17_i686.manylinux2014_i686.whl", hash = "sha256:cda4550a98658f9a8bcdc03d0498ed1565c1563880e3564603a9eaae28d51b2a"},
    {file = "rapidfuzz-3.7.0-cp38-cp38-manylinux_2_17_ppc64le.manylinux2014_ppc64le.whl", hash = "sha256:ecd70212fd9f1f8b1d3bdd8bcb05acc143defebd41148bdab43e573b043bb241"},
    {file = "rapidfuzz-3.7.0-cp38-cp38-manylinux_2_17_s390x.manylinux2014_s390x.whl", hash = "sha256:187db4cc8fb54f8c49c67b7f38ef3a122ce23be273032fa2ff34112a2694c3d8"},
    {file = "rapidfuzz-3.7.0-cp38-cp38-manylinux_2_17_x86_64.manylinux2014_x86_64.whl", hash = "sha256:4604dfc1098920c4eb6d0c6b5cc7bdd4bf95b48633e790c1d3f100a25870691d"},
    {file = "rapidfuzz-3.7.0-cp38-cp38-musllinux_1_1_aarch64.whl", hash = "sha256:01581b688c5f4f6665b779135e32db0edab1d78028abf914bb91469928efa383"},
    {file = "rapidfuzz-3.7.0-cp38-cp38-musllinux_1_1_i686.whl", hash = "sha256:0828b55ec8ad084febdf4ab0c942eb1f81c97c0935f1cb0be0b4ea84ce755988"},
    {file = "rapidfuzz-3.7.0-cp38-cp38-musllinux_1_1_ppc64le.whl", hash = "sha256:150c98b65faff17b917b9d36bff8a4d37b6173579c6bc2e38ff2044e209d37a4"},
    {file = "rapidfuzz-3.7.0-cp38-cp38-musllinux_1_1_s390x.whl", hash = "sha256:7e4eea225d2bff1aff4c85fcc44716596d3699374d99eb5906b7a7560297460e"},
    {file = "rapidfuzz-3.7.0-cp38-cp38-musllinux_1_1_x86_64.whl", hash = "sha256:7bc944d7e830cfce0f8b4813875f05904207017b66e25ab7ee757507001310a9"},
    {file = "rapidfuzz-3.7.0-cp38-cp38-win32.whl", hash = "sha256:3e55f02105c451ab6ff0edaaba57cab1b6c0a0241cfb2b306d4e8e1503adba50"},
    {file = "rapidfuzz-3.7.0-cp38-cp38-win_amd64.whl", hash = "sha256:41851620d2900791d66d9b6092fc163441d7dd91a460c73b07957ff1c517bc30"},
    {file = "rapidfuzz-3.7.0-cp39-cp39-macosx_10_9_universal2.whl", hash = "sha256:e8041c6b2d339766efe6298fa272f79d6dd799965df364ef4e50f488c101c899"},
    {file = "rapidfuzz-3.7.0-cp39-cp39-macosx_10_9_x86_64.whl", hash = "sha256:4e09d81008e212fc824ea23603ff5270d75886e72372fa6c7c41c1880bcb57ed"},
    {file = "rapidfuzz-3.7.0-cp39-cp39-macosx_11_0_arm64.whl", hash = "sha256:419c8961e861fb5fc5590056c66a279623d1ea27809baea17e00cdc313f1217a"},
    {file = "rapidfuzz-3.7.0-cp39-cp39-manylinux_2_17_aarch64.manylinux2014_aarch64.whl", hash = "sha256:1522eaab91b9400b3ef16eebe445940a19e70035b5bc5d98aef23d66e9ac1df0"},
    {file = "rapidfuzz-3.7.0-cp39-cp39-manylinux_2_17_i686.manylinux2014_i686.whl", hash = "sha256:611278ce3136f4544d596af18ab8849827d64372e1d8888d9a8d071bf4a3f44d"},
    {file = "rapidfuzz-3.7.0-cp39-cp39-manylinux_2_17_ppc64le.manylinux2014_ppc64le.whl", hash = "sha256:4efa9bfc5b955b6474ee077eee154e240441842fa304f280b06e6b6aa58a1d1e"},
    {file = "rapidfuzz-3.7.0-cp39-cp39-manylinux_2_17_s390x.manylinux2014_s390x.whl", hash = "sha256:c0cc9d3c8261457af3f8756b1f71a9fdc4892978a9e8b967976d2803e08bf972"},
    {file = "rapidfuzz-3.7.0-cp39-cp39-manylinux_2_17_x86_64.manylinux2014_x86_64.whl", hash = "sha256:ce728e2b582fd396bc2559160ee2e391e6a4b5d2e455624044699d96abe8a396"},
    {file = "rapidfuzz-3.7.0-cp39-cp39-musllinux_1_1_aarch64.whl", hash = "sha256:3a6a36c9299e059e0bee3409218bc5235a46570c20fc980cdee5ed21ea6110ad"},
    {file = "rapidfuzz-3.7.0-cp39-cp39-musllinux_1_1_i686.whl", hash = "sha256:9ea720db8def684c1eb71dadad1f61c9b52f4d979263eb5d443f2b22b0d5430a"},
    {file = "rapidfuzz-3.7.0-cp39-cp39-musllinux_1_1_ppc64le.whl", hash = "sha256:358692f1df3f8aebcd48e69c77c948c9283b44c0efbaf1eeea01739efe3cd9a6"},
    {file = "rapidfuzz-3.7.0-cp39-cp39-musllinux_1_1_s390x.whl", hash = "sha256:faded69ffe79adcefa8da08f414a0fd52375e2b47f57be79471691dad9656b5a"},
    {file = "rapidfuzz-3.7.0-cp39-cp39-musllinux_1_1_x86_64.whl", hash = "sha256:7f9f3dc14fadbd553975f824ac48c381f42192cec9d7e5711b528357662a8d8e"},
    {file = "rapidfuzz-3.7.0-cp39-cp39-win32.whl", hash = "sha256:7be5f460ff42d7d27729115bfe8a02e83fa0284536d8630ee900d17b75c29e65"},
    {file = "rapidfuzz-3.7.0-cp39-cp39-win_amd64.whl", hash = "sha256:dd5ad2c12dab2b98340c4b7b9592c8f349730bda9a2e49675ea592bbcbc1360b"},
    {file = "rapidfuzz-3.7.0-cp39-cp39-win_arm64.whl", hash = "sha256:aa163257a0ac4e70f9009d25e5030bdd83a8541dfa3ba78dc86b35c9e16a80b4"},
    {file = "rapidfuzz-3.7.0-pp38-pypy38_pp73-macosx_10_9_x86_64.whl", hash = "sha256:4e50840a8a8e0229563eeaf22e21a203359859557db8829f4d0285c17126c5fb"},
    {file = "rapidfuzz-3.7.0-pp38-pypy38_pp73-manylinux_2_17_aarch64.manylinux2014_aarch64.whl", hash = "sha256:632f09e19365ace5ff2670008adc8bf23d03d668b03a30230e5b60ff9317ee93"},
    {file = "rapidfuzz-3.7.0-pp38-pypy38_pp73-manylinux_2_17_i686.manylinux2014_i686.whl", hash = "sha256:209dda6ae66b702f74a78cef555397cdc2a83d7f48771774a20d2fc30808b28c"},
    {file = "rapidfuzz-3.7.0-pp38-pypy38_pp73-manylinux_2_17_x86_64.manylinux2014_x86_64.whl", hash = "sha256:2bc0b78572626af6ab134895e4dbfe4f4d615d18dcc43b8d902d8e45471aabba"},
    {file = "rapidfuzz-3.7.0-pp38-pypy38_pp73-win_amd64.whl", hash = "sha256:7ba14850cc8258b3764ea16b8a4409ac2ba16d229bde7a5f495dd479cd9ccd56"},
    {file = "rapidfuzz-3.7.0-pp39-pypy39_pp73-macosx_10_9_x86_64.whl", hash = "sha256:b917764fd2b267addc9d03a96d26f751f6117a95f617428c44a069057653b528"},
    {file = "rapidfuzz-3.7.0-pp39-pypy39_pp73-manylinux_2_17_aarch64.manylinux2014_aarch64.whl", hash = "sha256:1252ca156e1b053e84e5ae1c8e9e062ee80468faf23aa5c543708212a42795fd"},
    {file = "rapidfuzz-3.7.0-pp39-pypy39_pp73-manylinux_2_17_i686.manylinux2014_i686.whl", hash = "sha256:86c7676a32d7524e40bc73546e511a408bc831ae5b163029d325ea3a2027d089"},
    {file = "rapidfuzz-3.7.0-pp39-pypy39_pp73-manylinux_2_17_x86_64.manylinux2014_x86_64.whl", hash = "sha256:20e7d729af2e5abb29caa070ec048aba042f134091923d9ca2ac662b5604577e"},
    {file = "rapidfuzz-3.7.0-pp39-pypy39_pp73-win_amd64.whl", hash = "sha256:86eea3e6c314a9238de568254a9c591ec73c2985f125675ed5f171d869c47773"},
    {file = "rapidfuzz-3.7.0.tar.gz", hash = "sha256:620df112c39c6d27316dc1e22046dc0382d6d91fd60d7c51bd41ca0333d867e9"},
]

[package.extras]
full = ["numpy"]

[[package]]
name = "toml"
version = "0.10.2"
description = "Python Library for Tom's Obvious, Minimal Language"
optional = false
python-versions = ">=2.6, !=3.0.*, !=3.1.*, !=3.2.*"
files = [
    {file = "toml-0.10.2-py2.py3-none-any.whl", hash = "sha256:806143ae5bfb6a3c6e736a764057db0e6a0e05e338b5630894a5f779cabb4f9b"},
    {file = "toml-0.10.2.tar.gz", hash = "sha256:b3bda1d108d5dd99f4a20d24d9c348e91c4db7ab1b749200bded2f839ccbe68f"},
]

[metadata]
lock-version = "2.0"
python-versions = "^3.11"
content-hash = "a8c4398c3a3193814b6c8a5d2e4b079daf10412a5369c23806c9a0f137e49faf"
